
Microsoft Visual Studio Solution File, Format Version 12.00
# Visual Studio 15
VisualStudioVersion = 15.0.26730.16
MinimumVisualStudioVersion = 10.0.40219.1
Project("{9A19103F-16F7-4668-BE54-9A1E7A4F7556}") = "Minotaur", "Minotaur\Minotaur.csproj", "{F3333491-A087-4FFC-B8EC-9493C925E4B1}"
EndProject
Project("{FAE04EC0-301F-11D3-BF4B-00C04F79EFBC}") = "MinotaurTest", "MinotaurTest\MinotaurTest.csproj", "{A9C6EFA2-2D42-475C-9631-98FB8545290A}"
EndProject
Project("{FAE04EC0-301F-11D3-BF4B-00C04F79EFBC}") = "Game1", "Game1\Game1.csproj", "{2FCAEAF1-71AB-48D0-9DA8-EC411E2CBFAA}"
EndProject
Global
	GlobalSection(SolutionConfigurationPlatforms) = preSolution
		Debug|Any CPU = Debug|Any CPU
		Release|Any CPU = Release|Any CPU
	EndGlobalSection
	GlobalSection(ProjectConfigurationPlatforms) = postSolution
		{F3333491-A087-4FFC-B8EC-9493C925E4B1}.Debug|Any CPU.ActiveCfg = Debug|Any CPU
		{F3333491-A087-4FFC-B8EC-9493C925E4B1}.Debug|Any CPU.Build.0 = Debug|Any CPU
		{F3333491-A087-4FFC-B8EC-9493C925E4B1}.Release|Any CPU.ActiveCfg = Release|Any CPU
		{F3333491-A087-4FFC-B8EC-9493C925E4B1}.Release|Any CPU.Build.0 = Release|Any CPU
		{A9C6EFA2-2D42-475C-9631-98FB8545290A}.Debug|Any CPU.ActiveCfg = Debug|Any CPU
		{A9C6EFA2-2D42-475C-9631-98FB8545290A}.Debug|Any CPU.Build.0 = Debug|Any CPU
		{A9C6EFA2-2D42-475C-9631-98FB8545290A}.Release|Any CPU.ActiveCfg = Release|Any CPU
		{A9C6EFA2-2D42-475C-9631-98FB8545290A}.Release|Any CPU.Build.0 = Release|Any CPU
		{2FCAEAF1-71AB-48D0-9DA8-EC411E2CBFAA}.Debug|Any CPU.ActiveCfg = Debug|Any CPU
		{2FCAEAF1-71AB-48D0-9DA8-EC411E2CBFAA}.Debug|Any CPU.Build.0 = Debug|Any CPU
		{2FCAEAF1-71AB-48D0-9DA8-EC411E2CBFAA}.Release|Any CPU.ActiveCfg = Release|Any CPU
		{2FCAEAF1-71AB-48D0-9DA8-EC411E2CBFAA}.Release|Any CPU.Build.0 = Release|Any CPU
	EndGlobalSection
	GlobalSection(SolutionProperties) = preSolution
		HideSolutionNode = FALSE
	EndGlobalSection
	GlobalSection(ExtensibilityGlobals) = postSolution
		SolutionGuid = {7650BF5C-4DC7-420E-821C-ACC154ED7474}
	EndGlobalSection
EndGlobal
