
Microsoft Visual Studio Solution File, Format Version 12.00
# Visual Studio Version 16
VisualStudioVersion = 16.0.30114.105
MinimumVisualStudioVersion = 10.0.40219.1
Project("{FAE04EC0-301F-11D3-BF4B-00C04F79EFBC}") = "Minotaur.Core", "Minotaur.Core\Minotaur.Core.csproj", "{91EA786C-42D5-4C56-B1BE-43BC79186AF7}"
EndProject
Global
	GlobalSection(SolutionConfigurationPlatforms) = preSolution
		Debug|Any CPU = Debug|Any CPU
		Release|Any CPU = Release|Any CPU
	EndGlobalSection
	GlobalSection(SolutionProperties) = preSolution
		HideSolutionNode = FALSE
	EndGlobalSection
	GlobalSection(ProjectConfigurationPlatforms) = postSolution
		{91EA786C-42D5-4C56-B1BE-43BC79186AF7}.Debug|Any CPU.ActiveCfg = Debug|Any CPU
		{91EA786C-42D5-4C56-B1BE-43BC79186AF7}.Debug|Any CPU.Build.0 = Debug|Any CPU
		{91EA786C-42D5-4C56-B1BE-43BC79186AF7}.Release|Any CPU.ActiveCfg = Release|Any CPU
		{91EA786C-42D5-4C56-B1BE-43BC79186AF7}.Release|Any CPU.Build.0 = Release|Any CPU
	EndGlobalSection
EndGlobal
